
Microsoft Visual Studio Solution File, Format Version 12.00
# Visual Studio Version 16
VisualStudioVersion = 16.0.30114.105
MinimumVisualStudioVersion = 10.0.40219.1
Project("{FAE04EC0-301F-11D3-BF4B-00C04F79EFBC}") = "SpeedSolutions", "SpeedSolutions.csproj", "{FF9E7AE3-5CBD-488F-8BE3-F43F3BFE1094}"
EndProject
Global
	GlobalSection(SolutionConfigurationPlatforms) = preSolution
		Debug|Any CPU = Debug|Any CPU
		Release|Any CPU = Release|Any CPU
	EndGlobalSection
	GlobalSection(ProjectConfigurationPlatforms) = postSolution
		{FF9E7AE3-5CBD-488F-8BE3-F43F3BFE1094}.Debug|Any CPU.ActiveCfg = Debug|Any CPU
		{FF9E7AE3-5CBD-488F-8BE3-F43F3BFE1094}.Debug|Any CPU.Build.0 = Debug|Any CPU
		{FF9E7AE3-5CBD-488F-8BE3-F43F3BFE1094}.Release|Any CPU.ActiveCfg = Release|Any CPU
		{FF9E7AE3-5CBD-488F-8BE3-F43F3BFE1094}.Release|Any CPU.Build.0 = Release|Any CPU
	EndGlobalSection
	GlobalSection(SolutionProperties) = preSolution
		HideSolutionNode = FALSE
	EndGlobalSection
	GlobalSection(ExtensibilityGlobals) = postSolution
		SolutionGuid = {DCB40E0C-C356-416E-9A45-5249F1E68B49}
	EndGlobalSection
EndGlobal
